# This file is autogenerated, do not edit; changes may be undone by the next 'dep ensure'.


[[projects]]
  branch = "master"
  name = "github.com/btcsuite/btcd"
  packages = ["btcec"]
  revision = "675abc5df3c5531bc741b56a765e35623459da6d"

[[projects]]
  name = "github.com/ethereum/go-ethereum"
  packages = [
    "common",
    "common/hexutil",
    "common/math",
    "crypto",
    "crypto/secp256k1",
    "crypto/sha3",
    "rlp"
  ]
  revision = "12683feca7483f0b0bf425c3c520e2724f69f2aa"
  version = "v1.8.6"

[[projects]]
  branch = "master"
  name = "github.com/m0t0k1ch1/fixed-merkle"
  packages = ["."]
  revision = "980d4efa5b766ed763b96eba70ff6e635c927981"

[solve-meta]
  analyzer-name = "dep"
  analyzer-version = 1
  inputs-digest = "86e5199b7fab83eaf4f48354bafee07b58e93080c88db73a1869bd47ea358ccb"
  solver-name = "gps-cdcl"
  solver-version = 1
